
Microsoft Visual Studio Solution File, Format Version 12.00
# Visual Studio Version 16
VisualStudioVersion = 16.0.29519.87
MinimumVisualStudioVersion = 10.0.40219.1
Project("{FAE04EC0-301F-11D3-BF4B-00C04F79EFBC}") = "QuickBuy.Dominio", "QuickBuy.Dominio\QuickBuy.Dominio.csproj", "{15661638-D676-4572-8087-4DB948D220B3}"
EndProject
Project("{FAE04EC0-301F-11D3-BF4B-00C04F79EFBC}") = "QuickBuy.Repositorio", "QuickBuy.Repositorio\QuickBuy.Repositorio.csproj", "{7CC2FC9C-E62A-464A-B955-3EC3FBA11EEA}"
EndProject
Project("{FAE04EC0-301F-11D3-BF4B-00C04F79EFBC}") = "QuickBuy.Web", "QuickBuy.Web\QuickBuy.Web.csproj", "{C27247FE-62D7-4835-8AF9-9EEFB11A79AF}"
EndProject
Global
	GlobalSection(SolutionConfigurationPlatforms) = preSolution
		Debug|Any CPU = Debug|Any CPU
		Release|Any CPU = Release|Any CPU
	EndGlobalSection
	GlobalSection(ProjectConfigurationPlatforms) = postSolution
		{15661638-D676-4572-8087-4DB948D220B3}.Debug|Any CPU.ActiveCfg = Debug|Any CPU
		{15661638-D676-4572-8087-4DB948D220B3}.Debug|Any CPU.Build.0 = Debug|Any CPU
		{15661638-D676-4572-8087-4DB948D220B3}.Release|Any CPU.ActiveCfg = Release|Any CPU
		{15661638-D676-4572-8087-4DB948D220B3}.Release|Any CPU.Build.0 = Release|Any CPU
		{7CC2FC9C-E62A-464A-B955-3EC3FBA11EEA}.Debug|Any CPU.ActiveCfg = Debug|Any CPU
		{7CC2FC9C-E62A-464A-B955-3EC3FBA11EEA}.Debug|Any CPU.Build.0 = Debug|Any CPU
		{7CC2FC9C-E62A-464A-B955-3EC3FBA11EEA}.Release|Any CPU.ActiveCfg = Release|Any CPU
		{7CC2FC9C-E62A-464A-B955-3EC3FBA11EEA}.Release|Any CPU.Build.0 = Release|Any CPU
		{C27247FE-62D7-4835-8AF9-9EEFB11A79AF}.Debug|Any CPU.ActiveCfg = Debug|Any CPU
		{C27247FE-62D7-4835-8AF9-9EEFB11A79AF}.Debug|Any CPU.Build.0 = Debug|Any CPU
		{C27247FE-62D7-4835-8AF9-9EEFB11A79AF}.Release|Any CPU.ActiveCfg = Release|Any CPU
		{C27247FE-62D7-4835-8AF9-9EEFB11A79AF}.Release|Any CPU.Build.0 = Release|Any CPU
	EndGlobalSection
	GlobalSection(SolutionProperties) = preSolution
		HideSolutionNode = FALSE
	EndGlobalSection
	GlobalSection(ExtensibilityGlobals) = postSolution
		SolutionGuid = {4DE6578D-768E-4C0F-816A-151A16DDF835}
	EndGlobalSection
EndGlobal
